// !$*UTF8*$!
{
	archiveVersion = 1;
	classes = {
	};
	objectVersion = 77;
	objects = {

/* Begin PBXContainerItemProxy section */
		AFEC79B52CE36A1A00A37052 /* PBXContainerItemProxy */ = {
			isa = PBXContainerItemProxy;
			containerPortal = AFEC79962CE36A1900A37052 /* Project object */;
			proxyType = 1;
			remoteGlobalIDString = AFEC799D2CE36A1900A37052;
			remoteInfo = LastFmClient;
		};
		AFEC79BF2CE36A1A00A37052 /* PBXContainerItemProxy */ = {
			isa = PBXContainerItemProxy;
			containerPortal = AFEC79962CE36A1900A37052 /* Project object */;
			proxyType = 1;
			remoteGlobalIDString = AFEC799D2CE36A1900A37052;
			remoteInfo = LastFmClient;
		};
/* End PBXContainerItemProxy section */

/* Begin PBXFileReference section */
		AFEC799E2CE36A1900A37052 /* LastFmClient.app */ = {isa = PBXFileReference; explicitFileType = wrapper.application; includeInIndex = 0; path = LastFmClient.app; sourceTree = BUILT_PRODUCTS_DIR; };
		AFEC79B42CE36A1A00A37052 /* LastFmClientTests.xctest */ = {isa = PBXFileReference; explicitFileType = wrapper.cfbundle; includeInIndex = 0; path = LastFmClientTests.xctest; sourceTree = BUILT_PRODUCTS_DIR; };
		AFEC79BE2CE36A1A00A37052 /* LastFmClientUITests.xctest */ = {isa = PBXFileReference; explicitFileType = wrapper.cfbundle; includeInIndex = 0; path = LastFmClientUITests.xctest; sourceTree = BUILT_PRODUCTS_DIR; };
/* End PBXFileReference section */

/* Begin PBXFileSystemSynchronizedBuildFileExceptionSet section */
		AFEC79C62CE36A1A00A37052 /* Exceptions for "LastFmClient" folder in "LastFmClient" target */ = {
			isa = PBXFileSystemSynchronizedBuildFileExceptionSet;
			membershipExceptions = (
				Info.plist,
			);
			target = AFEC799D2CE36A1900A37052 /* LastFmClient */;
		};
/* End PBXFileSystemSynchronizedBuildFileExceptionSet section */

/* Begin PBXFileSystemSynchronizedRootGroup section */
		AFEC79A02CE36A1900A37052 /* LastFmClient */ = {
			isa = PBXFileSystemSynchronizedRootGroup;
			exceptions = (
				AFEC79C62CE36A1A00A37052 /* Exceptions for "LastFmClient" folder in "LastFmClient" target */,
			);
			path = LastFmClient;
			sourceTree = "<group>";
		};
		AFEC79B72CE36A1A00A37052 /* LastFmClientTests */ = {
			isa = PBXFileSystemSynchronizedRootGroup;
			path = LastFmClientTests;
			sourceTree = "<group>";
		};
		AFEC79C12CE36A1A00A37052 /* LastFmClientUITests */ = {
			isa = PBXFileSystemSynchronizedRootGroup;
			path = LastFmClientUITests;
			sourceTree = "<group>";
		};
/* End PBXFileSystemSynchronizedRootGroup section */

/* Begin PBXFrameworksBuildPhase section */
		AFEC799B2CE36A1900A37052 /* Frameworks */ = {
			isa = PBXFrameworksBuildPhase;
			buildActionMask = 2147483647;
			files = (
			);
			runOnlyForDeploymentPostprocessing = 0;
		};
		AFEC79B12CE36A1A00A37052 /* Frameworks */ = {
			isa = PBXFrameworksBuildPhase;
			buildActionMask = 2147483647;
			files = (
			);
			runOnlyForDeploymentPostprocessing = 0;
		};
		AFEC79BB2CE36A1A00A37052 /* Frameworks */ = {
			isa = PBXFrameworksBuildPhase;
			buildActionMask = 2147483647;
			files = (
			);
			runOnlyForDeploymentPostprocessing = 0;
		};
/* End PBXFrameworksBuildPhase section */

/* Begin PBXGroup section */
		AFEC79952CE36A1900A37052 = {
			isa = PBXGroup;
			children = (
				AFEC79A02CE36A1900A37052 /* LastFmClient */,
				AFEC79B72CE36A1A00A37052 /* LastFmClientTests */,
				AFEC79C12CE36A1A00A37052 /* LastFmClientUITests */,
				AFEC799F2CE36A1900A37052 /* Products */,
			);
			sourceTree = "<group>";
		};
		AFEC799F2CE36A1900A37052 /* Products */ = {
			isa = PBXGroup;
			children = (
				AFEC799E2CE36A1900A37052 /* LastFmClient.app */,
				AFEC79B42CE36A1A00A37052 /* LastFmClientTests.xctest */,
				AFEC79BE2CE36A1A00A37052 /* LastFmClientUITests.xctest */,
			);
			name = Products;
			sourceTree = "<group>";
		};
/* End PBXGroup section */

/* Begin PBXNativeTarget section */
		AFEC799D2CE36A1900A37052 /* LastFmClient */ = {
			isa = PBXNativeTarget;
			buildConfigurationList = AFEC79C72CE36A1A00A37052 /* Build configuration list for PBXNativeTarget "LastFmClient" */;
			buildPhases = (
				AFEC799A2CE36A1900A37052 /* Sources */,
				AFEC799B2CE36A1900A37052 /* Frameworks */,
				AFEC799C2CE36A1900A37052 /* Resources */,
			);
			buildRules = (
			);
			dependencies = (
			);
			fileSystemSynchronizedGroups = (
				AFEC79A02CE36A1900A37052 /* LastFmClient */,
			);
			name = LastFmClient;
			packageProductDependencies = (
			);
			productName = LastFmClient;
			productReference = AFEC799E2CE36A1900A37052 /* LastFmClient.app */;
			productType = "com.apple.product-type.application";
		};
		AFEC79B32CE36A1A00A37052 /* LastFmClientTests */ = {
			isa = PBXNativeTarget;
			buildConfigurationList = AFEC79CC2CE36A1A00A37052 /* Build configuration list for PBXNativeTarget "LastFmClientTests" */;
			buildPhases = (
				AFEC79B02CE36A1A00A37052 /* Sources */,
				AFEC79B12CE36A1A00A37052 /* Frameworks */,
				AFEC79B22CE36A1A00A37052 /* Resources */,
			);
			buildRules = (
			);
			dependencies = (
				AFEC79B62CE36A1A00A37052 /* PBXTargetDependency */,
			);
			fileSystemSynchronizedGroups = (
				AFEC79B72CE36A1A00A37052 /* LastFmClientTests */,
			);
			name = LastFmClientTests;
			packageProductDependencies = (
			);
			productName = LastFmClientTests;
			productReference = AFEC79B42CE36A1A00A37052 /* LastFmClientTests.xctest */;
			productType = "com.apple.product-type.bundle.unit-test";
		};
		AFEC79BD2CE36A1A00A37052 /* LastFmClientUITests */ = {
			isa = PBXNativeTarget;
			buildConfigurationList = AFEC79CF2CE36A1A00A37052 /* Build configuration list for PBXNativeTarget "LastFmClientUITests" */;
			buildPhases = (
				AFEC79BA2CE36A1A00A37052 /* Sources */,
				AFEC79BB2CE36A1A00A37052 /* Frameworks */,
				AFEC79BC2CE36A1A00A37052 /* Resources */,
			);
			buildRules = (
			);
			dependencies = (
				AFEC79C02CE36A1A00A37052 /* PBXTargetDependency */,
			);
			fileSystemSynchronizedGroups = (
				AFEC79C12CE36A1A00A37052 /* LastFmClientUITests */,
			);
			name = LastFmClientUITests;
			packageProductDependencies = (
			);
			productName = LastFmClientUITests;
			productReference = AFEC79BE2CE36A1A00A37052 /* LastFmClientUITests.xctest */;
			productType = "com.apple.product-type.bundle.ui-testing";
		};
/* End PBXNativeTarget section */

/* Begin PBXProject section */
		AFEC79962CE36A1900A37052 /* Project object */ = {
			isa = PBXProject;
			attributes = {
				BuildIndependentTargetsInParallel = 1;
				LastSwiftUpdateCheck = 1610;
				LastUpgradeCheck = 1610;
				TargetAttributes = {
					AFEC799D2CE36A1900A37052 = {
						CreatedOnToolsVersion = 16.1;
					};
					AFEC79B32CE36A1A00A37052 = {
						CreatedOnToolsVersion = 16.1;
						TestTargetID = AFEC799D2CE36A1900A37052;
					};
					AFEC79BD2CE36A1A00A37052 = {
						CreatedOnToolsVersion = 16.1;
						TestTargetID = AFEC799D2CE36A1900A37052;
					};
				};
			};
			buildConfigurationList = AFEC79992CE36A1900A37052 /* Build configuration list for PBXProject "LastFmClient" */;
			developmentRegion = en;
			hasScannedForEncodings = 0;
			knownRegions = (
				en,
				Base,
			);
			mainGroup = AFEC79952CE36A1900A37052;
			minimizedProjectReferenceProxies = 1;
			preferredProjectObjectVersion = 77;
			productRefGroup = AFEC799F2CE36A1900A37052 /* Products */;
			projectDirPath = "";
			projectRoot = "";
			targets = (
				AFEC799D2CE36A1900A37052 /* LastFmClient */,
				AFEC79B32CE36A1A00A37052 /* LastFmClientTests */,
				AFEC79BD2CE36A1A00A37052 /* LastFmClientUITests */,
			);
		};
/* End PBXProject section */

/* Begin PBXResourcesBuildPhase section */
		AFEC799C2CE36A1900A37052 /* Resources */ = {
			isa = PBXResourcesBuildPhase;
			buildActionMask = 2147483647;
			files = (
			);
			runOnlyForDeploymentPostprocessing = 0;
		};
		AFEC79B22CE36A1A00A37052 /* Resources */ = {
			isa = PBXResourcesBuildPhase;
			buildActionMask = 2147483647;
			files = (
			);
			runOnlyForDeploymentPostprocessing = 0;
		};
		AFEC79BC2CE36A1A00A37052 /* Resources */ = {
			isa = PBXResourcesBuildPhase;
			buildActionMask = 2147483647;
			files = (
			);
			runOnlyForDeploymentPostprocessing = 0;
		};
/* End PBXResourcesBuildPhase section */

/* Begin PBXSourcesBuildPhase section */
		AFEC799A2CE36A1900A37052 /* Sources */ = {
			isa = PBXSourcesBuildPhase;
			buildActionMask = 2147483647;
			files = (
			);
			runOnlyForDeploymentPostprocessing = 0;
		};
		AFEC79B02CE36A1A00A37052 /* Sources */ = {
			isa = PBXSourcesBuildPhase;
			buildActionMask = 2147483647;
			files = (
			);
			runOnlyForDeploymentPostprocessing = 0;
		};
		AFEC79BA2CE36A1A00A37052 /* Sources */ = {
			isa = PBXSourcesBuildPhase;
			buildActionMask = 2147483647;
			files = (
			);
			runOnlyForDeploymentPostprocessing = 0;
		};
/* End PBXSourcesBuildPhase section */

/* Begin PBXTargetDependency section */
		AFEC79B62CE36A1A00A37052 /* PBXTargetDependency */ = {
			isa = PBXTargetDependency;
			target = AFEC799D2CE36A1900A37052 /* LastFmClient */;
			targetProxy = AFEC79B52CE36A1A00A37052 /* PBXContainerItemProxy */;
		};
		AFEC79C02CE36A1A00A37052 /* PBXTargetDependency */ = {
			isa = PBXTargetDependency;
			target = AFEC799D2CE36A1900A37052 /* LastFmClient */;
			targetProxy = AFEC79BF2CE36A1A00A37052 /* PBXContainerItemProxy */;
		};
/* End PBXTargetDependency section */

/* Begin XCBuildConfiguration section */
		AFEC79C82CE36A1A00A37052 /* Debug */ = {
			isa = XCBuildConfiguration;
			buildSettings = {
				ASSETCATALOG_COMPILER_APPICON_NAME = AppIcon;
				ASSETCATALOG_COMPILER_GLOBAL_ACCENT_COLOR_NAME = AccentColor;
				CODE_SIGN_STYLE = Automatic;
				CURRENT_PROJECT_VERSION = 1;
				DEVELOPMENT_TEAM = D6RA2GSSH3;
				GENERATE_INFOPLIST_FILE = YES;
				INFOPLIST_FILE = LastFmClient/Info.plist;
				INFOPLIST_KEY_UIApplicationSupportsIndirectInputEvents = YES;
				INFOPLIST_KEY_UILaunchStoryboardName = LaunchScreen;
				INFOPLIST_KEY_UIMainStoryboardFile = Main;
				INFOPLIST_KEY_UISupportedInterfaceOrientations_iPad = "UIInterfaceOrientationPortrait UIInterfaceOrientationPortraitUpsideDown UIInterfaceOrientationLandscapeLeft UIInterfaceOrientationLandscapeRight";
				INFOPLIST_KEY_UISupportedInterfaceOrientations_iPhone = "UIInterfaceOrientationPortrait UIInterfaceOrientationLandscapeLeft UIInterfaceOrientationLandscapeRight";
				IPHONEOS_DEPLOYMENT_TARGET = 16.6;
				LD_RUNPATH_SEARCH_PATHS = (
					"$(inherited)",
					"@executable_path/Frameworks",
				);
				MARKETING_VERSION = 1.0.0;
				PRODUCT_BUNDLE_IDENTIFIER = com.poilabs.LastFmClient;
				PRODUCT_NAME = "$(TARGET_NAME)";
				SUPPORTED_PLATFORMS = "iphoneos iphonesimulator";
				SUPPORTS_MACCATALYST = NO;
				SUPPORTS_MAC_DESIGNED_FOR_IPHONE_IPAD = NO;
				SUPPORTS_XR_DESIGNED_FOR_IPHONE_IPAD = NO;
				SWIFT_EMIT_LOC_STRINGS = YES;
				SWIFT_VERSION = 5.0;
				TARGETED_DEVICE_FAMILY = 1;
			};
			name = Debug;
		};
		AFEC79C92CE36A1A00A37052 /* Release */ = {
			isa = XCBuildConfiguration;
			buildSettings = {
				ASSETCATALOG_COMPILER_APPICON_NAME = AppIcon;
				ASSETCATALOG_COMPILER_GLOBAL_ACCENT_COLOR_NAME = AccentColor;
				CODE_SIGN_STYLE = Automatic;
				CURRENT_PROJECT_VERSION = 1;
				DEVELOPMENT_TEAM = D6RA2GSSH3;
				GENERATE_INFOPLIST_FILE = YES;
				INFOPLIST_FILE = LastFmClient/Info.plist;
				INFOPLIST_KEY_UIApplicationSupportsIndirectInputEvents = YES;
				INFOPLIST_KEY_UILaunchStoryboardName = LaunchScreen;
				INFOPLIST_KEY_UIMainStoryboardFile = Main;
				INFOPLIST_KEY_UISupportedInterfaceOrientations_iPad = "UIInterfaceOrientationPortrait UIInterfaceOrientationPortraitUpsideDown UIInterfaceOrientationLandscapeLeft UIInterfaceOrientationLandscapeRight";
				INFOPLIST_KEY_UISupportedInterfaceOrientations_iPhone = "UIInterfaceOrientationPortrait UIInterfaceOrientationLandscapeLeft UIInterfaceOrientationLandscapeRight";
				IPHONEOS_DEPLOYMENT_TARGET = 16.6;
				LD_RUNPATH_SEARCH_PATHS = (
					"$(inherited)",
					"@executable_path/Frameworks",
				);
				MARKETING_VERSION = 1.0.0;
				PRODUCT_BUNDLE_IDENTIFIER = com.poilabs.LastFmClient;
				PRODUCT_NAME = "$(TARGET_NAME)";
				SUPPORTED_PLATFORMS = "iphoneos iphonesimulator";
				SUPPORTS_MACCATALYST = NO;
				SUPPORTS_MAC_DESIGNED_FOR_IPHONE_IPAD = NO;
				SUPPORTS_XR_DESIGNED_FOR_IPHONE_IPAD = NO;
				SWIFT_EMIT_LOC_STRINGS = YES;
				SWIFT_VERSION = 5.0;
				TARGETED_DEVICE_FAMILY = 1;
			};
			name = Release;
		};
		AFEC79CA2CE36A1A00A37052 /* Debug */ = {
			isa = XCBuildConfiguration;
			buildSettings = {
				ALWAYS_SEARCH_USER_PATHS = NO;
				ASSETCATALOG_COMPILER_GENERATE_SWIFT_ASSET_SYMBOL_EXTENSIONS = YES;
				CLANG_ANALYZER_NONNULL = YES;
				CLANG_ANALYZER_NUMBER_OBJECT_CONVERSION = YES_AGGRESSIVE;
				CLANG_CXX_LANGUAGE_STANDARD = "gnu++20";
				CLANG_ENABLE_MODULES = YES;
				CLANG_ENABLE_OBJC_ARC = YES;
				CLANG_ENABLE_OBJC_WEAK = YES;
				CLANG_WARN_BLOCK_CAPTURE_AUTORELEASING = YES;
				CLANG_WARN_BOOL_CONVERSION = YES;
				CLANG_WARN_COMMA = YES;
				CLANG_WARN_CONSTANT_CONVERSION = YES;
				CLANG_WARN_DEPRECATED_OBJC_IMPLEMENTATIONS = YES;
				CLANG_WARN_DIRECT_OBJC_ISA_USAGE = YES_ERROR;
				CLANG_WARN_DOCUMENTATION_COMMENTS = YES;
				CLANG_WARN_EMPTY_BODY = YES;
				CLANG_WARN_ENUM_CONVERSION = YES;
				CLANG_WARN_INFINITE_RECURSION = YES;
				CLANG_WARN_INT_CONVERSION = YES;
				CLANG_WARN_NON_LITERAL_NULL_CONVERSION = YES;
				CLANG_WARN_OBJC_IMPLICIT_RETAIN_SELF = YES;
				CLANG_WARN_OBJC_LITERAL_CONVERSION = YES;
				CLANG_WARN_OBJC_ROOT_CLASS = YES_ERROR;
				CLANG_WARN_QUOTED_INCLUDE_IN_FRAMEWORK_HEADER = YES;
				CLANG_WARN_RANGE_LOOP_ANALYSIS = YES;
				CLANG_WARN_STRICT_PROTOTYPES = YES;
				CLANG_WARN_SUSPICIOUS_MOVE = YES;
				CLANG_WARN_UNGUARDED_AVAILABILITY = YES_AGGRESSIVE;
				CLANG_WARN_UNREACHABLE_CODE = YES;
				CLANG_WARN__DUPLICATE_METHOD_MATCH = YES;
				COPY_PHASE_STRIP = NO;
				DEBUG_INFORMATION_FORMAT = dwarf;
				ENABLE_STRICT_OBJC_MSGSEND = YES;
				ENABLE_TESTABILITY = YES;
				ENABLE_USER_SCRIPT_SANDBOXING = YES;
				GCC_C_LANGUAGE_STANDARD = gnu17;
				GCC_DYNAMIC_NO_PIC = NO;
				GCC_NO_COMMON_BLOCKS = YES;
				GCC_OPTIMIZATION_LEVEL = 0;
				GCC_PREPROCESSOR_DEFINITIONS = (
					"DEBUG=1",
					"$(inherited)",
				);
				GCC_WARN_64_TO_32_BIT_CONVERSION = YES;
				GCC_WARN_ABOUT_RETURN_TYPE = YES_ERROR;
				GCC_WARN_UNDECLARED_SELECTOR = YES;
				GCC_WARN_UNINITIALIZED_AUTOS = YES_AGGRESSIVE;
				GCC_WARN_UNUSED_FUNCTION = YES;
				GCC_WARN_UNUSED_VARIABLE = YES;
				IPHONEOS_DEPLOYMENT_TARGET = 18.1;
				LOCALIZATION_PREFERS_STRING_CATALOGS = YES;
				MTL_ENABLE_DEBUG_INFO = INCLUDE_SOURCE;
				MTL_FAST_MATH = YES;
				ONLY_ACTIVE_ARCH = YES;
				SDKROOT = iphoneos;
				SWIFT_ACTIVE_COMPILATION_CONDITIONS = "DEBUG $(inherited)";
				SWIFT_OPTIMIZATION_LEVEL = "-Onone";
			};
			name = Debug;
		};
		AFEC79CB2CE36A1A00A37052 /* Release */ = {
			isa = XCBuildConfiguration;
			buildSettings = {
				ALWAYS_SEARCH_USER_PATHS = NO;
				ASSETCATALOG_COMPILER_GENERATE_SWIFT_ASSET_SYMBOL_EXTENSIONS = YES;
				CLANG_ANALYZER_NONNULL = YES;
				CLANG_ANALYZER_NUMBER_OBJECT_CONVERSION = YES_AGGRESSIVE;
				CLANG_CXX_LANGUAGE_STANDARD = "gnu++20";
				CLANG_ENABLE_MODULES = YES;
				CLANG_ENABLE_OBJC_ARC = YES;
				CLANG_ENABLE_OBJC_WEAK = YES;
				CLANG_WARN_BLOCK_CAPTURE_AUTORELEASING = YES;
				CLANG_WARN_BOOL_CONVERSION = YES;
				CLANG_WARN_COMMA = YES;
				CLANG_WARN_CONSTANT_CONVERSION = YES;
				CLANG_WARN_DEPRECATED_OBJC_IMPLEMENTATIONS = YES;
				CLANG_WARN_DIRECT_OBJC_ISA_USAGE = YES_ERROR;
				CLANG_WARN_DOCUMENTATION_COMMENTS = YES;
				CLANG_WARN_EMPTY_BODY = YES;
				CLANG_WARN_ENUM_CONVERSION = YES;
				CLANG_WARN_INFINITE_RECURSION = YES;
				CLANG_WARN_INT_CONVERSION = YES;
				CLANG_WARN_NON_LITERAL_NULL_CONVERSION = YES;
				CLANG_WARN_OBJC_IMPLICIT_RETAIN_SELF = YES;
				CLANG_WARN_OBJC_LITERAL_CONVERSION = YES;
				CLANG_WARN_OBJC_ROOT_CLASS = YES_ERROR;
				CLANG_WARN_QUOTED_INCLUDE_IN_FRAMEWORK_HEADER = YES;
				CLANG_WARN_RANGE_LOOP_ANALYSIS = YES;
				CLANG_WARN_STRICT_PROTOTYPES = YES;
				CLANG_WARN_SUSPICIOUS_MOVE = YES;
				CLANG_WARN_UNGUARDED_AVAILABILITY = YES_AGGRESSIVE;
				CLANG_WARN_UNREACHABLE_CODE = YES;
				CLANG_WARN__DUPLICATE_METHOD_MATCH = YES;
				COPY_PHASE_STRIP = NO;
				DEBUG_INFORMATION_FORMAT = "dwarf-with-dsym";
				ENABLE_NS_ASSERTIONS = NO;
				ENABLE_STRICT_OBJC_MSGSEND = YES;
				ENABLE_USER_SCRIPT_SANDBOXING = YES;
				GCC_C_LANGUAGE_STANDARD = gnu17;
				GCC_NO_COMMON_BLOCKS = YES;
				GCC_WARN_64_TO_32_BIT_CONVERSION = YES;
				GCC_WARN_ABOUT_RETURN_TYPE = YES_ERROR;
				GCC_WARN_UNDECLARED_SELECTOR = YES;
				GCC_WARN_UNINITIALIZED_AUTOS = YES_AGGRESSIVE;
				GCC_WARN_UNUSED_FUNCTION = YES;
				GCC_WARN_UNUSED_VARIABLE = YES;
				IPHONEOS_DEPLOYMENT_TARGET = 18.1;
				LOCALIZATION_PREFERS_STRING_CATALOGS = YES;
				MTL_ENABLE_DEBUG_INFO = NO;
				MTL_FAST_MATH = YES;
				SDKROOT = iphoneos;
				SWIFT_COMPILATION_MODE = wholemodule;
				VALIDATE_PRODUCT = YES;
			};
			name = Release;
		};
		AFEC79CD2CE36A1A00A37052 /* Debug */ = {
			isa = XCBuildConfiguration;
			buildSettings = {
				BUNDLE_LOADER = "$(TEST_HOST)";
				CODE_SIGN_STYLE = Automatic;
				CURRENT_PROJECT_VERSION = 1;
				DEVELOPMENT_TEAM = D6RA2GSSH3;
				GENERATE_INFOPLIST_FILE = YES;
				IPHONEOS_DEPLOYMENT_TARGET = 18.1;
				MARKETING_VERSION = 1.0;
				PRODUCT_BUNDLE_IDENTIFIER = com.poilabs.LastFmClientTests;
				PRODUCT_NAME = "$(TARGET_NAME)";
				SWIFT_EMIT_LOC_STRINGS = NO;
				SWIFT_VERSION = 5.0;
				TARGETED_DEVICE_FAMILY = "1,2";
				TEST_HOST = "$(BUILT_PRODUCTS_DIR)/LastFmClient.app/$(BUNDLE_EXECUTABLE_FOLDER_PATH)/LastFmClient";
			};
			name = Debug;
		};
		AFEC79CE2CE36A1A00A37052 /* Release */ = {
			isa = XCBuildConfiguration;
			buildSettings = {
				BUNDLE_LOADER = "$(TEST_HOST)";
				CODE_SIGN_STYLE = Automatic;
				CURRENT_PROJECT_VERSION = 1;
				DEVELOPMENT_TEAM = D6RA2GSSH3;
				GENERATE_INFOPLIST_FILE = YES;
				IPHONEOS_DEPLOYMENT_TARGET = 18.1;
				MARKETING_VERSION = 1.0;
				PRODUCT_BUNDLE_IDENTIFIER = com.poilabs.LastFmClientTests;
				PRODUCT_NAME = "$(TARGET_NAME)";
				SWIFT_EMIT_LOC_STRINGS = NO;
				SWIFT_VERSION = 5.0;
				TARGETED_DEVICE_FAMILY = "1,2";
				TEST_HOST = "$(BUILT_PRODUCTS_DIR)/LastFmClient.app/$(BUNDLE_EXECUTABLE_FOLDER_PATH)/LastFmClient";
			};
			name = Release;
		};
		AFEC79D02CE36A1A00A37052 /* Debug */ = {
			isa = XCBuildConfiguration;
			buildSettings = {
				CODE_SIGN_STYLE = Automatic;
				CURRENT_PROJECT_VERSION = 1;
				DEVELOPMENT_TEAM = D6RA2GSSH3;
				GENERATE_INFOPLIST_FILE = YES;
				MARKETING_VERSION = 1.0;
				PRODUCT_BUNDLE_IDENTIFIER = com.poilabs.LastFmClientUITests;
				PRODUCT_NAME = "$(TARGET_NAME)";
				SWIFT_EMIT_LOC_STRINGS = NO;
				SWIFT_VERSION = 5.0;
				TARGETED_DEVICE_FAMILY = "1,2";
				TEST_TARGET_NAME = LastFmClient;
			};
			name = Debug;
		};
		AFEC79D12CE36A1A00A37052 /* Release */ = {
			isa = XCBuildConfiguration;
			buildSettings = {
				CODE_SIGN_STYLE = Automatic;
				CURRENT_PROJECT_VERSION = 1;
				DEVELOPMENT_TEAM = D6RA2GSSH3;
				GENERATE_INFOPLIST_FILE = YES;
				MARKETING_VERSION = 1.0;
				PRODUCT_BUNDLE_IDENTIFIER = com.poilabs.LastFmClientUITests;
				PRODUCT_NAME = "$(TARGET_NAME)";
				SWIFT_EMIT_LOC_STRINGS = NO;
				SWIFT_VERSION = 5.0;
				TARGETED_DEVICE_FAMILY = "1,2";
				TEST_TARGET_NAME = LastFmClient;
			};
			name = Release;
		};
/* End XCBuildConfiguration section */

/* Begin XCConfigurationList section */
		AFEC79992CE36A1900A37052 /* Build configuration list for PBXProject "LastFmClient" */ = {
			isa = XCConfigurationList;
			buildConfigurations = (
				AFEC79CA2CE36A1A00A37052 /* Debug */,
				AFEC79CB2CE36A1A00A37052 /* Release */,
			);
			defaultConfigurationIsVisible = 0;
			defaultConfigurationName = Release;
		};
		AFEC79C72CE36A1A00A37052 /* Build configuration list for PBXNativeTarget "LastFmClient" */ = {
			isa = XCConfigurationList;
			buildConfigurations = (
				AFEC79C82CE36A1A00A37052 /* Debug */,
				AFEC79C92CE36A1A00A37052 /* Release */,
			);
			defaultConfigurationIsVisible = 0;
			defaultConfigurationName = Release;
		};
		AFEC79CC2CE36A1A00A37052 /* Build configuration list for PBXNativeTarget "LastFmClientTests" */ = {
			isa = XCConfigurationList;
			buildConfigurations = (
				AFEC79CD2CE36A1A00A37052 /* Debug */,
				AFEC79CE2CE36A1A00A37052 /* Release */,
			);
			defaultConfigurationIsVisible = 0;
			defaultConfigurationName = Release;
		};
		AFEC79CF2CE36A1A00A37052 /* Build configuration list for PBXNativeTarget "LastFmClientUITests" */ = {
			isa = XCConfigurationList;
			buildConfigurations = (
				AFEC79D02CE36A1A00A37052 /* Debug */,
				AFEC79D12CE36A1A00A37052 /* Release */,
			);
			defaultConfigurationIsVisible = 0;
			defaultConfigurationName = Release;
		};
/* End XCConfigurationList section */
	};
	rootObject = AFEC79962CE36A1900A37052 /* Project object */;
}
